
Microsoft Visual Studio Solution File, Format Version 12.00
# Visual Studio Version 16
VisualStudioVersion = 16.0.32228.343
MinimumVisualStudioVersion = 10.0.40219.1
Project("{FAE04EC0-301F-11D3-BF4B-00C04F79EFBC}") = "QuanLyCoffee", "QuanLyCoffee.csproj", "{6B53E658-9724-4CBF-BCBF-8AFE5957AD2B}"
EndProject
Global
	GlobalSection(SolutionConfigurationPlatforms) = preSolution
		Debug|Any CPU = Debug|Any CPU
		Release|Any CPU = Release|Any CPU
	EndGlobalSection
	GlobalSection(ProjectConfigurationPlatforms) = postSolution
		{6B53E658-9724-4CBF-BCBF-8AFE5957AD2B}.Debug|Any CPU.ActiveCfg = Debug|Any CPU
		{6B53E658-9724-4CBF-BCBF-8AFE5957AD2B}.Debug|Any CPU.Build.0 = Debug|Any CPU
		{6B53E658-9724-4CBF-BCBF-8AFE5957AD2B}.Release|Any CPU.ActiveCfg = Release|Any CPU
		{6B53E658-9724-4CBF-BCBF-8AFE5957AD2B}.Release|Any CPU.Build.0 = Release|Any CPU
	EndGlobalSection
	GlobalSection(SolutionProperties) = preSolution
		HideSolutionNode = FALSE
	EndGlobalSection
	GlobalSection(ExtensibilityGlobals) = postSolution
		SolutionGuid = {9E1C9F8A-DAF2-4138-A96E-CE7453B9443A}
	EndGlobalSection
EndGlobal
